<?xml version="1.0" encoding="utf-8"?>
<Project ToolsVersion="4.0" xmlns="http://schemas.microsoft.com/developer/msbuild/2003">
  <ItemGroup>
    <Filter Include="Quelldateien">
      <UniqueIdentifier>{4FC737F1-C7A5-4376-A066-2A32D752A2FF}</UniqueIdentifier>
      <Extensions>cpp;c;cc;cxx;def;odl;idl;hpj;bat;asm;asmx</Extensions>
    </Filter>
    <Filter Include="Headerdateien">
      <UniqueIdentifier>{93995380-89BD-4b04-88EB-625FBE52EBFB}</UniqueIdentifier>
      <Extensions>h;hh;hpp;hxx;hm;inl;inc;xsd</Extensions>
    </Filter>
    <Filter Include="Ressourcendateien">
      <UniqueIdentifier>{67DA6AB6-F800-4c08-8B7A-83BB121AAD01}</UniqueIdentifier>
      <Extensions>rc;ico;cur;bmp;dlg;rc2;rct;bin;rgs;gif;jpg;jpeg;jpe;resx;tiff;tif;png;wav;mfcribbon-ms</Extensions>
    </Filter>
  </ItemGroup>
  <ItemGroup>
    <ClInclude Include="Wrapper_Steuerung.h">
      <Filter>Headerdateien</Filter>
    </ClInclude>
    <ClInclude Include="Wrapper_Socket.h">
      <Filter>Headerdateien</Filter>
    </ClInclude>
    <ClInclude Include="UserInterface.h">
      <Filter>Headerdateien</Filter>
    </ClInclude>
    <ClInclude Include="TrajectoryClass.h">
      <Filter>Headerdateien</Filter>
    </ClInclude>
    <ClInclude Include="SocketClient.h">
      <Filter>Headerdateien</Filter>
    </ClInclude>
    <ClInclude Include="SerielleUebertragung.h">
      <Filter>Headerdateien</Filter>
    </ClInclude>
    <ClInclude Include="PID_Regler.h">
      <Filter>Headerdateien</Filter>
    </ClInclude>
    <ClInclude Include="FlightController.h">
      <Filter>Headerdateien</Filter>
    </ClInclude>
    <ClInclude Include="defines_Regler.h">
      <Filter>Headerdateien</Filter>
    </ClInclude>
  </ItemGroup>
  <ItemGroup>
    <ClCompile Include="FlightController.cpp">
      <Filter>Quelldateien</Filter>
    </ClCompile>
    <ClCompile Include="FlightControllerEclipse.cpp">
      <Filter>Quelldateien</Filter>
    </ClCompile>
    <ClCompile Include="PID_Regler.cpp">
      <Filter>Quelldateien</Filter>
    </ClCompile>
    <ClCompile Include="SerielleUebertragung.cpp">
      <Filter>Quelldateien</Filter>
    </ClCompile>
    <ClCompile Include="SocketClient.cpp">
      <Filter>Quelldateien</Filter>
    </ClCompile>
    <ClCompile Include="TrajectoryClass.cpp">
      <Filter>Quelldateien</Filter>
    </ClCompile>
    <ClCompile Include="UserInterface.cpp">
      <Filter>Quelldateien</Filter>
    </ClCompile>
    <ClCompile Include="Wrapper_Socket.cpp">
      <Filter>Quelldateien</Filter>
    </ClCompile>
    <ClCompile Include="Wrapper_Steuerung.cpp">
      <Filter>Quelldateien</Filter>
    </ClCompile>
  </ItemGroup>
</Project>